
Microsoft Visual Studio Solution File, Format Version 12.00
# Visual Studio Version 16
VisualStudioVersion = 16.0.29123.88
MinimumVisualStudioVersion = 10.0.40219.1
Project("{FAE04EC0-301F-11D3-BF4B-00C04F79EFBC}") = "Du gammel", "Du gammel.csproj", "{77BEC428-3C50-4D5B-A669-F9C5461A18E7}"
EndProject
Global
	GlobalSection(SolutionConfigurationPlatforms) = preSolution
		Debug|Any CPU = Debug|Any CPU
		Release|Any CPU = Release|Any CPU
	EndGlobalSection
	GlobalSection(ProjectConfigurationPlatforms) = postSolution
		{77BEC428-3C50-4D5B-A669-F9C5461A18E7}.Debug|Any CPU.ActiveCfg = Debug|Any CPU
		{77BEC428-3C50-4D5B-A669-F9C5461A18E7}.Debug|Any CPU.Build.0 = Debug|Any CPU
		{77BEC428-3C50-4D5B-A669-F9C5461A18E7}.Release|Any CPU.ActiveCfg = Release|Any CPU
		{77BEC428-3C50-4D5B-A669-F9C5461A18E7}.Release|Any CPU.Build.0 = Release|Any CPU
	EndGlobalSection
	GlobalSection(SolutionProperties) = preSolution
		HideSolutionNode = FALSE
	EndGlobalSection
	GlobalSection(ExtensibilityGlobals) = postSolution
		SolutionGuid = {C86268EC-BFDD-4E92-BBCE-AC9D9D5E18CE}
	EndGlobalSection
EndGlobal
