
Microsoft Visual Studio Solution File, Format Version 12.00
# Visual Studio Version 16
VisualStudioVersion = 16.0.29613.14
MinimumVisualStudioVersion = 10.0.40219.1
Project("{FAE04EC0-301F-11D3-BF4B-00C04F79EFBC}") = "Opgave 1", "Opgave 1.csproj", "{BBD4BA2C-86F6-4636-A24F-18AF4682CECA}"
EndProject
Project("{FAE04EC0-301F-11D3-BF4B-00C04F79EFBC}") = "Opgave 2", "..\Opgave 2\Opgave 2.csproj", "{116A7C36-B8A6-4E47-B58A-4341A5BCC1D2}"
EndProject
Project("{FAE04EC0-301F-11D3-BF4B-00C04F79EFBC}") = "Opgave 3", "..\Opgave 3\Opgave 3.csproj", "{FB84748B-6B21-4191-BF5B-B1EDE531BBFF}"
EndProject
Project("{FAE04EC0-301F-11D3-BF4B-00C04F79EFBC}") = "Opgave 4", "..\Opgave 4\Opgave 4.csproj", "{7712A870-C045-4D54-9E0B-8CD0D4CFDAA3}"
EndProject
Project("{FAE04EC0-301F-11D3-BF4B-00C04F79EFBC}") = "Opgave 5", "..\Opgave 5\Opgave 5.csproj", "{F41FF51F-B68D-4DA0-AE01-A9454916BB8B}"
EndProject
Project("{FAE04EC0-301F-11D3-BF4B-00C04F79EFBC}") = "Opgave 6", "..\Opgave 6\Opgave 6.csproj", "{C96E70B7-80DF-4FD6-BE7B-69CFE27591D0}"
EndProject
Project("{FAE04EC0-301F-11D3-BF4B-00C04F79EFBC}") = "Opgave 7", "..\Opgave 7\Opgave 7.csproj", "{604CDA54-A3DE-46E8-B2F1-C1A39740C7E4}"
EndProject
Project("{FAE04EC0-301F-11D3-BF4B-00C04F79EFBC}") = "Opgave 8", "..\Opgave 8\Opgave 8.csproj", "{8E8DD363-C5DA-4ABF-A114-E3CA71631707}"
EndProject
Project("{FAE04EC0-301F-11D3-BF4B-00C04F79EFBC}") = "Opgave 9", "..\Opgave 9\Opgave 9.csproj", "{BEFD1054-6532-4BBE-8758-AB43D4471D41}"
EndProject
Project("{FAE04EC0-301F-11D3-BF4B-00C04F79EFBC}") = "Opgavee 10", "..\Opgavee 10\Opgavee 10.csproj", "{28A3120C-2994-49E0-B896-CD208F117B76}"
EndProject
Project("{FAE04EC0-301F-11D3-BF4B-00C04F79EFBC}") = "Opgavee 11", "..\Opgavee 11\Opgavee 11.csproj", "{E4101048-D651-4774-AC0E-7765AA9D0504}"
EndProject
Project("{FAE04EC0-301F-11D3-BF4B-00C04F79EFBC}") = "Opgavee 12", "..\Opgavee 12\Opgavee 12.csproj", "{D9073CA6-C0E2-49CB-A172-067D357FB11D}"
EndProject
Project("{FAE04EC0-301F-11D3-BF4B-00C04F79EFBC}") = "Opgavee 13", "..\Opgavee 13\Opgavee 13.csproj", "{E26EE344-A38B-46CB-BC19-155F8081782B}"
EndProject
Project("{FAE04EC0-301F-11D3-BF4B-00C04F79EFBC}") = "Opgavee 14", "..\Opgavee 14\Opgavee 14.csproj", "{C8DF15D1-DEC5-4F7C-904D-1353899EED1D}"
EndProject
Project("{FAE04EC0-301F-11D3-BF4B-00C04F79EFBC}") = "Opgavee 15", "..\Opgavee 15\Opgavee 15.csproj", "{FD822AFA-40EF-4E73-AA1E-3582C5F62721}"
EndProject
Project("{FAE04EC0-301F-11D3-BF4B-00C04F79EFBC}") = "Opgavee 16", "..\Opgavee 16\Opgavee 16.csproj", "{CD3491E7-FD53-4E7F-A4BC-BE9FB4E8FEB9}"
EndProject
Project("{FAE04EC0-301F-11D3-BF4B-00C04F79EFBC}") = "Opgavee 17", "..\Opgavee 17\Opgavee 17.csproj", "{5AB05631-3571-498A-A1A9-6D156E583F8D}"
EndProject
Project("{FAE04EC0-301F-11D3-BF4B-00C04F79EFBC}") = "Opgavee 18", "..\Opgavee 18\Opgavee 18.csproj", "{AC1D5CDD-21A3-4A50-A126-AE9016802FB5}"
EndProject
Project("{FAE04EC0-301F-11D3-BF4B-00C04F79EFBC}") = "Opgavee 19", "..\Opgavee 19\Opgavee 19.csproj", "{EC1ECCEA-862E-4495-ACA4-BB09FA11220E}"
EndProject
Project("{FAE04EC0-301F-11D3-BF4B-00C04F79EFBC}") = "Opgavee 20", "..\Opgavee 20\Opgavee 20.csproj", "{EC9AF506-7CBD-49C6-9596-57B9E9EABCB7}"
EndProject
Project("{FAE04EC0-301F-11D3-BF4B-00C04F79EFBC}") = "Opgavee 21", "..\Opgavee 21\Opgavee 21.csproj", "{6F698AC2-F83B-45AA-A46F-4A05E8650A49}"
EndProject
Project("{FAE04EC0-301F-11D3-BF4B-00C04F79EFBC}") = "Opgavee 22", "..\Opgavee 22\Opgavee 22.csproj", "{ABA27275-DD51-4C76-8462-BDAA3BE9318F}"
EndProject
Project("{FAE04EC0-301F-11D3-BF4B-00C04F79EFBC}") = "Opgavee 23", "..\Opgavee 23\Opgavee 23.csproj", "{BC68049E-E858-40D7-BF20-3275613E0DE5}"
EndProject
Global
	GlobalSection(SolutionConfigurationPlatforms) = preSolution
		Debug|Any CPU = Debug|Any CPU
		Release|Any CPU = Release|Any CPU
	EndGlobalSection
	GlobalSection(ProjectConfigurationPlatforms) = postSolution
		{BBD4BA2C-86F6-4636-A24F-18AF4682CECA}.Debug|Any CPU.ActiveCfg = Debug|Any CPU
		{BBD4BA2C-86F6-4636-A24F-18AF4682CECA}.Debug|Any CPU.Build.0 = Debug|Any CPU
		{BBD4BA2C-86F6-4636-A24F-18AF4682CECA}.Release|Any CPU.ActiveCfg = Release|Any CPU
		{BBD4BA2C-86F6-4636-A24F-18AF4682CECA}.Release|Any CPU.Build.0 = Release|Any CPU
		{116A7C36-B8A6-4E47-B58A-4341A5BCC1D2}.Debug|Any CPU.ActiveCfg = Debug|Any CPU
		{116A7C36-B8A6-4E47-B58A-4341A5BCC1D2}.Debug|Any CPU.Build.0 = Debug|Any CPU
		{116A7C36-B8A6-4E47-B58A-4341A5BCC1D2}.Release|Any CPU.ActiveCfg = Release|Any CPU
		{116A7C36-B8A6-4E47-B58A-4341A5BCC1D2}.Release|Any CPU.Build.0 = Release|Any CPU
		{FB84748B-6B21-4191-BF5B-B1EDE531BBFF}.Debug|Any CPU.ActiveCfg = Debug|Any CPU
		{FB84748B-6B21-4191-BF5B-B1EDE531BBFF}.Debug|Any CPU.Build.0 = Debug|Any CPU
		{FB84748B-6B21-4191-BF5B-B1EDE531BBFF}.Release|Any CPU.ActiveCfg = Release|Any CPU
		{FB84748B-6B21-4191-BF5B-B1EDE531BBFF}.Release|Any CPU.Build.0 = Release|Any CPU
		{7712A870-C045-4D54-9E0B-8CD0D4CFDAA3}.Debug|Any CPU.ActiveCfg = Debug|Any CPU
		{7712A870-C045-4D54-9E0B-8CD0D4CFDAA3}.Debug|Any CPU.Build.0 = Debug|Any CPU
		{7712A870-C045-4D54-9E0B-8CD0D4CFDAA3}.Release|Any CPU.ActiveCfg = Release|Any CPU
		{7712A870-C045-4D54-9E0B-8CD0D4CFDAA3}.Release|Any CPU.Build.0 = Release|Any CPU
		{F41FF51F-B68D-4DA0-AE01-A9454916BB8B}.Debug|Any CPU.ActiveCfg = Debug|Any CPU
		{F41FF51F-B68D-4DA0-AE01-A9454916BB8B}.Debug|Any CPU.Build.0 = Debug|Any CPU
		{F41FF51F-B68D-4DA0-AE01-A9454916BB8B}.Release|Any CPU.ActiveCfg = Release|Any CPU
		{F41FF51F-B68D-4DA0-AE01-A9454916BB8B}.Release|Any CPU.Build.0 = Release|Any CPU
		{C96E70B7-80DF-4FD6-BE7B-69CFE27591D0}.Debug|Any CPU.ActiveCfg = Debug|Any CPU
		{C96E70B7-80DF-4FD6-BE7B-69CFE27591D0}.Debug|Any CPU.Build.0 = Debug|Any CPU
		{C96E70B7-80DF-4FD6-BE7B-69CFE27591D0}.Release|Any CPU.ActiveCfg = Release|Any CPU
		{C96E70B7-80DF-4FD6-BE7B-69CFE27591D0}.Release|Any CPU.Build.0 = Release|Any CPU
		{604CDA54-A3DE-46E8-B2F1-C1A39740C7E4}.Debug|Any CPU.ActiveCfg = Debug|Any CPU
		{604CDA54-A3DE-46E8-B2F1-C1A39740C7E4}.Debug|Any CPU.Build.0 = Debug|Any CPU
		{604CDA54-A3DE-46E8-B2F1-C1A39740C7E4}.Release|Any CPU.ActiveCfg = Release|Any CPU
		{604CDA54-A3DE-46E8-B2F1-C1A39740C7E4}.Release|Any CPU.Build.0 = Release|Any CPU
		{8E8DD363-C5DA-4ABF-A114-E3CA71631707}.Debug|Any CPU.ActiveCfg = Debug|Any CPU
		{8E8DD363-C5DA-4ABF-A114-E3CA71631707}.Debug|Any CPU.Build.0 = Debug|Any CPU
		{8E8DD363-C5DA-4ABF-A114-E3CA71631707}.Release|Any CPU.ActiveCfg = Release|Any CPU
		{8E8DD363-C5DA-4ABF-A114-E3CA71631707}.Release|Any CPU.Build.0 = Release|Any CPU
		{BEFD1054-6532-4BBE-8758-AB43D4471D41}.Debug|Any CPU.ActiveCfg = Debug|Any CPU
		{BEFD1054-6532-4BBE-8758-AB43D4471D41}.Debug|Any CPU.Build.0 = Debug|Any CPU
		{BEFD1054-6532-4BBE-8758-AB43D4471D41}.Release|Any CPU.ActiveCfg = Release|Any CPU
		{BEFD1054-6532-4BBE-8758-AB43D4471D41}.Release|Any CPU.Build.0 = Release|Any CPU
		{28A3120C-2994-49E0-B896-CD208F117B76}.Debug|Any CPU.ActiveCfg = Debug|Any CPU
		{28A3120C-2994-49E0-B896-CD208F117B76}.Debug|Any CPU.Build.0 = Debug|Any CPU
		{28A3120C-2994-49E0-B896-CD208F117B76}.Release|Any CPU.ActiveCfg = Release|Any CPU
		{28A3120C-2994-49E0-B896-CD208F117B76}.Release|Any CPU.Build.0 = Release|Any CPU
		{E4101048-D651-4774-AC0E-7765AA9D0504}.Debug|Any CPU.ActiveCfg = Debug|Any CPU
		{E4101048-D651-4774-AC0E-7765AA9D0504}.Debug|Any CPU.Build.0 = Debug|Any CPU
		{E4101048-D651-4774-AC0E-7765AA9D0504}.Release|Any CPU.ActiveCfg = Release|Any CPU
		{E4101048-D651-4774-AC0E-7765AA9D0504}.Release|Any CPU.Build.0 = Release|Any CPU
		{D9073CA6-C0E2-49CB-A172-067D357FB11D}.Debug|Any CPU.ActiveCfg = Debug|Any CPU
		{D9073CA6-C0E2-49CB-A172-067D357FB11D}.Debug|Any CPU.Build.0 = Debug|Any CPU
		{D9073CA6-C0E2-49CB-A172-067D357FB11D}.Release|Any CPU.ActiveCfg = Release|Any CPU
		{D9073CA6-C0E2-49CB-A172-067D357FB11D}.Release|Any CPU.Build.0 = Release|Any CPU
		{E26EE344-A38B-46CB-BC19-155F8081782B}.Debug|Any CPU.ActiveCfg = Debug|Any CPU
		{E26EE344-A38B-46CB-BC19-155F8081782B}.Debug|Any CPU.Build.0 = Debug|Any CPU
		{E26EE344-A38B-46CB-BC19-155F8081782B}.Release|Any CPU.ActiveCfg = Release|Any CPU
		{E26EE344-A38B-46CB-BC19-155F8081782B}.Release|Any CPU.Build.0 = Release|Any CPU
		{C8DF15D1-DEC5-4F7C-904D-1353899EED1D}.Debug|Any CPU.ActiveCfg = Debug|Any CPU
		{C8DF15D1-DEC5-4F7C-904D-1353899EED1D}.Debug|Any CPU.Build.0 = Debug|Any CPU
		{C8DF15D1-DEC5-4F7C-904D-1353899EED1D}.Release|Any CPU.ActiveCfg = Release|Any CPU
		{C8DF15D1-DEC5-4F7C-904D-1353899EED1D}.Release|Any CPU.Build.0 = Release|Any CPU
		{FD822AFA-40EF-4E73-AA1E-3582C5F62721}.Debug|Any CPU.ActiveCfg = Debug|Any CPU
		{FD822AFA-40EF-4E73-AA1E-3582C5F62721}.Debug|Any CPU.Build.0 = Debug|Any CPU
		{FD822AFA-40EF-4E73-AA1E-3582C5F62721}.Release|Any CPU.ActiveCfg = Release|Any CPU
		{FD822AFA-40EF-4E73-AA1E-3582C5F62721}.Release|Any CPU.Build.0 = Release|Any CPU
		{CD3491E7-FD53-4E7F-A4BC-BE9FB4E8FEB9}.Debug|Any CPU.ActiveCfg = Debug|Any CPU
		{CD3491E7-FD53-4E7F-A4BC-BE9FB4E8FEB9}.Debug|Any CPU.Build.0 = Debug|Any CPU
		{CD3491E7-FD53-4E7F-A4BC-BE9FB4E8FEB9}.Release|Any CPU.ActiveCfg = Release|Any CPU
		{CD3491E7-FD53-4E7F-A4BC-BE9FB4E8FEB9}.Release|Any CPU.Build.0 = Release|Any CPU
		{5AB05631-3571-498A-A1A9-6D156E583F8D}.Debug|Any CPU.ActiveCfg = Debug|Any CPU
		{5AB05631-3571-498A-A1A9-6D156E583F8D}.Debug|Any CPU.Build.0 = Debug|Any CPU
		{5AB05631-3571-498A-A1A9-6D156E583F8D}.Release|Any CPU.ActiveCfg = Release|Any CPU
		{5AB05631-3571-498A-A1A9-6D156E583F8D}.Release|Any CPU.Build.0 = Release|Any CPU
		{AC1D5CDD-21A3-4A50-A126-AE9016802FB5}.Debug|Any CPU.ActiveCfg = Debug|Any CPU
		{AC1D5CDD-21A3-4A50-A126-AE9016802FB5}.Debug|Any CPU.Build.0 = Debug|Any CPU
		{AC1D5CDD-21A3-4A50-A126-AE9016802FB5}.Release|Any CPU.ActiveCfg = Release|Any CPU
		{AC1D5CDD-21A3-4A50-A126-AE9016802FB5}.Release|Any CPU.Build.0 = Release|Any CPU
		{EC1ECCEA-862E-4495-ACA4-BB09FA11220E}.Debug|Any CPU.ActiveCfg = Debug|Any CPU
		{EC1ECCEA-862E-4495-ACA4-BB09FA11220E}.Debug|Any CPU.Build.0 = Debug|Any CPU
		{EC1ECCEA-862E-4495-ACA4-BB09FA11220E}.Release|Any CPU.ActiveCfg = Release|Any CPU
		{EC1ECCEA-862E-4495-ACA4-BB09FA11220E}.Release|Any CPU.Build.0 = Release|Any CPU
		{EC9AF506-7CBD-49C6-9596-57B9E9EABCB7}.Debug|Any CPU.ActiveCfg = Debug|Any CPU
		{EC9AF506-7CBD-49C6-9596-57B9E9EABCB7}.Debug|Any CPU.Build.0 = Debug|Any CPU
		{EC9AF506-7CBD-49C6-9596-57B9E9EABCB7}.Release|Any CPU.ActiveCfg = Release|Any CPU
		{EC9AF506-7CBD-49C6-9596-57B9E9EABCB7}.Release|Any CPU.Build.0 = Release|Any CPU
		{6F698AC2-F83B-45AA-A46F-4A05E8650A49}.Debug|Any CPU.ActiveCfg = Debug|Any CPU
		{6F698AC2-F83B-45AA-A46F-4A05E8650A49}.Debug|Any CPU.Build.0 = Debug|Any CPU
		{6F698AC2-F83B-45AA-A46F-4A05E8650A49}.Release|Any CPU.ActiveCfg = Release|Any CPU
		{6F698AC2-F83B-45AA-A46F-4A05E8650A49}.Release|Any CPU.Build.0 = Release|Any CPU
		{ABA27275-DD51-4C76-8462-BDAA3BE9318F}.Debug|Any CPU.ActiveCfg = Debug|Any CPU
		{ABA27275-DD51-4C76-8462-BDAA3BE9318F}.Debug|Any CPU.Build.0 = Debug|Any CPU
		{ABA27275-DD51-4C76-8462-BDAA3BE9318F}.Release|Any CPU.ActiveCfg = Release|Any CPU
		{ABA27275-DD51-4C76-8462-BDAA3BE9318F}.Release|Any CPU.Build.0 = Release|Any CPU
		{BC68049E-E858-40D7-BF20-3275613E0DE5}.Debug|Any CPU.ActiveCfg = Debug|Any CPU
		{BC68049E-E858-40D7-BF20-3275613E0DE5}.Debug|Any CPU.Build.0 = Debug|Any CPU
		{BC68049E-E858-40D7-BF20-3275613E0DE5}.Release|Any CPU.ActiveCfg = Release|Any CPU
		{BC68049E-E858-40D7-BF20-3275613E0DE5}.Release|Any CPU.Build.0 = Release|Any CPU
	EndGlobalSection
	GlobalSection(SolutionProperties) = preSolution
		HideSolutionNode = FALSE
	EndGlobalSection
	GlobalSection(ExtensibilityGlobals) = postSolution
		SolutionGuid = {D5EA9090-4C7C-4B9C-85C5-F37CA5D32B34}
	EndGlobalSection
EndGlobal
